
Microsoft Visual Studio Solution File, Format Version 12.00
# Visual Studio Version 16
VisualStudioVersion = 16.0.30011.22
MinimumVisualStudioVersion = 10.0.40219.1
Project("{FAE04EC0-301F-11D3-BF4B-00C04F79EFBC}") = "HW", "HW\HW.csproj", "{6388CEA1-0297-4470-BFEB-1B09F0BCDF59}"
EndProject
Project("{FAE04EC0-301F-11D3-BF4B-00C04F79EFBC}") = "DataLib", "DataLib\DataLib.csproj", "{B53585C8-58B5-4B55-B048-908896B25BA4}"
EndProject
Global
	GlobalSection(SolutionConfigurationPlatforms) = preSolution
		Debug|Any CPU = Debug|Any CPU
		Release|Any CPU = Release|Any CPU
	EndGlobalSection
	GlobalSection(ProjectConfigurationPlatforms) = postSolution
		{6388CEA1-0297-4470-BFEB-1B09F0BCDF59}.Debug|Any CPU.ActiveCfg = Debug|Any CPU
		{6388CEA1-0297-4470-BFEB-1B09F0BCDF59}.Debug|Any CPU.Build.0 = Debug|Any CPU
		{6388CEA1-0297-4470-BFEB-1B09F0BCDF59}.Release|Any CPU.ActiveCfg = Release|Any CPU
		{6388CEA1-0297-4470-BFEB-1B09F0BCDF59}.Release|Any CPU.Build.0 = Release|Any CPU
		{B53585C8-58B5-4B55-B048-908896B25BA4}.Debug|Any CPU.ActiveCfg = Debug|Any CPU
		{B53585C8-58B5-4B55-B048-908896B25BA4}.Debug|Any CPU.Build.0 = Debug|Any CPU
		{B53585C8-58B5-4B55-B048-908896B25BA4}.Release|Any CPU.ActiveCfg = Release|Any CPU
		{B53585C8-58B5-4B55-B048-908896B25BA4}.Release|Any CPU.Build.0 = Release|Any CPU
	EndGlobalSection
	GlobalSection(SolutionProperties) = preSolution
		HideSolutionNode = FALSE
	EndGlobalSection
	GlobalSection(ExtensibilityGlobals) = postSolution
		SolutionGuid = {D82D15E3-38AA-48A9-B8DA-DBD2841B518E}
	EndGlobalSection
EndGlobal
